
Microsoft Visual Studio Solution File, Format Version 12.00
# Visual Studio 14
VisualStudioVersion = 14.0.25420.1
MinimumVisualStudioVersion = 10.0.40219.1
Project("{FAE04EC0-301F-11D3-BF4B-00C04F79EFBC}") = "cgMonoGameServer2015", "cgMonoGameServer2015\cgMonoGameServer2015.csproj", "{1AFD40C2-F48D-41A0-B140-B03F62FC5B8B}"
EndProject
Project("{FAE04EC0-301F-11D3-BF4B-00C04F79EFBC}") = "DataClasses", "DataClasses\DataClasses.csproj", "{7F669265-A6D5-474B-A54A-26E55155D8C6}"
EndProject
Project("{E24C65DC-7377-472B-9ABA-BC803B73C61A}") = "AspNetIdentity.Angular", "AspNetIdentity.Angular\", "{B7D6741D-48F7-424D-9711-EFC5F7CE140D}"
	ProjectSection(WebsiteProperties) = preProject
		TargetFrameworkMoniker = ".NETFramework,Version%3Dv4.0"
		Debug.AspNetCompiler.VirtualPath = "/localhost_62828"
		Debug.AspNetCompiler.PhysicalPath = "AspNetIdentity.Angular\"
		Debug.AspNetCompiler.TargetPath = "PrecompiledWeb\localhost_62828\"
		Debug.AspNetCompiler.Updateable = "true"
		Debug.AspNetCompiler.ForceOverwrite = "true"
		Debug.AspNetCompiler.FixedNames = "false"
		Debug.AspNetCompiler.Debug = "True"
		Release.AspNetCompiler.VirtualPath = "/localhost_62828"
		Release.AspNetCompiler.PhysicalPath = "AspNetIdentity.Angular\"
		Release.AspNetCompiler.TargetPath = "PrecompiledWeb\localhost_62828\"
		Release.AspNetCompiler.Updateable = "true"
		Release.AspNetCompiler.ForceOverwrite = "true"
		Release.AspNetCompiler.FixedNames = "false"
		Release.AspNetCompiler.Debug = "False"
		VWDPort = "62828"
		SlnRelativePath = "AspNetIdentity.Angular\"
	EndProjectSection
EndProject
Global
	GlobalSection(SolutionConfigurationPlatforms) = preSolution
		Debug|Any CPU = Debug|Any CPU
		Release|Any CPU = Release|Any CPU
	EndGlobalSection
	GlobalSection(ProjectConfigurationPlatforms) = postSolution
		{1AFD40C2-F48D-41A0-B140-B03F62FC5B8B}.Debug|Any CPU.ActiveCfg = Debug|Any CPU
		{1AFD40C2-F48D-41A0-B140-B03F62FC5B8B}.Debug|Any CPU.Build.0 = Debug|Any CPU
		{1AFD40C2-F48D-41A0-B140-B03F62FC5B8B}.Release|Any CPU.ActiveCfg = Release|Any CPU
		{1AFD40C2-F48D-41A0-B140-B03F62FC5B8B}.Release|Any CPU.Build.0 = Release|Any CPU
		{7F669265-A6D5-474B-A54A-26E55155D8C6}.Debug|Any CPU.ActiveCfg = Debug|Any CPU
		{7F669265-A6D5-474B-A54A-26E55155D8C6}.Debug|Any CPU.Build.0 = Debug|Any CPU
		{7F669265-A6D5-474B-A54A-26E55155D8C6}.Release|Any CPU.ActiveCfg = Release|Any CPU
		{7F669265-A6D5-474B-A54A-26E55155D8C6}.Release|Any CPU.Build.0 = Release|Any CPU
		{B7D6741D-48F7-424D-9711-EFC5F7CE140D}.Debug|Any CPU.ActiveCfg = Debug|Any CPU
		{B7D6741D-48F7-424D-9711-EFC5F7CE140D}.Debug|Any CPU.Build.0 = Debug|Any CPU
		{B7D6741D-48F7-424D-9711-EFC5F7CE140D}.Release|Any CPU.ActiveCfg = Debug|Any CPU
		{B7D6741D-48F7-424D-9711-EFC5F7CE140D}.Release|Any CPU.Build.0 = Debug|Any CPU
	EndGlobalSection
	GlobalSection(SolutionProperties) = preSolution
		HideSolutionNode = FALSE
	EndGlobalSection
EndGlobal
